<?xml version="1.0" encoding="utf-8"?>
<Project ToolsVersion="4.0" xmlns="http://schemas.microsoft.com/developer/msbuild/2003">
  <ItemGroup>
    <Filter Include="リソース ファイル">
      <UniqueIdentifier>{67DA6AB6-F800-4c08-8B7A-83BB121AAD01}</UniqueIdentifier>
      <Extensions>rc;ico;cur;bmp;dlg;rc2;rct;bin;rgs;gif;jpg;jpeg;jpe;resx;tiff;tif;png;wav;mfcribbon-ms</Extensions>
    </Filter>
    <Filter Include="src">
      <UniqueIdentifier>{4FC737F1-C7A5-4376-A066-2A32D752A2FF}</UniqueIdentifier>
      <Extensions>cpp;c;cc;cxx;def;odl;idl;hpj;bat;asm;asmx</Extensions>
    </Filter>
    <Filter Include="src\game">
      <UniqueIdentifier>{60aea1f7-3722-42c0-ba59-baa722102349}</UniqueIdentifier>
    </Filter>
    <Filter Include="src\lib">
      <UniqueIdentifier>{53f91441-df2a-4163-9d59-73a1cb4e0793}</UniqueIdentifier>
    </Filter>
  </ItemGroup>
  <ItemGroup>
    <ClCompile Include="src\game\scenegame.cpp">
      <Filter>src\game</Filter>
    </ClCompile>
    <ClCompile Include="src\game\stage.cpp">
      <Filter>src\game</Filter>
    </ClCompile>
    <ClCompile Include="src\game\player.cpp">
      <Filter>src\game</Filter>
    </ClCompile>
    <ClCompile Include="src\lib\input.cpp">
      <Filter>src\lib</Filter>
    </ClCompile>
    <ClCompile Include="src\lib\collision.cpp">
      <Filter>src\lib</Filter>
    </ClCompile>
    <ClCompile Include="src\lib\debug.cpp">
      <Filter>src\lib</Filter>
    </ClCompile>
    <ClCompile Include="src\lib\fade.cpp">
      <Filter>src\lib</Filter>
    </ClCompile>
    <ClCompile Include="src\main.cpp">
      <Filter>src</Filter>
    </ClCompile>
    <ClCompile Include="src\game\hitcheck.cpp">
      <Filter>src\game</Filter>
    </ClCompile>
  </ItemGroup>
  <ItemGroup>
    <ClInclude Include="src\game\scenegame.h">
      <Filter>src\game</Filter>
    </ClInclude>
    <ClInclude Include="src\game\stage.h">
      <Filter>src\game</Filter>
    </ClInclude>
    <ClInclude Include="src\game\player.h">
      <Filter>src\game</Filter>
    </ClInclude>
    <ClInclude Include="src\lib\input.h">
      <Filter>src\lib</Filter>
    </ClInclude>
    <ClInclude Include="src\lib\collision.h">
      <Filter>src\lib</Filter>
    </ClInclude>
    <ClInclude Include="src\lib\debug.h">
      <Filter>src\lib</Filter>
    </ClInclude>
    <ClInclude Include="src\lib\fade.h">
      <Filter>src\lib</Filter>
    </ClInclude>
    <ClInclude Include="src\common.h">
      <Filter>src</Filter>
    </ClInclude>
    <ClInclude Include="src\game\hitcheck.h">
      <Filter>src\game</Filter>
    </ClInclude>
  </ItemGroup>
</Project>