<?xml version="1.0" encoding="utf-8"?>
<Project ToolsVersion="4.0" xmlns="http://schemas.microsoft.com/developer/msbuild/2003">
  <ItemGroup>
    <Filter Include="リソース ファイル">
      <UniqueIdentifier>{67DA6AB6-F800-4c08-8B7A-83BB121AAD01}</UniqueIdentifier>
      <Extensions>rc;ico;cur;bmp;dlg;rc2;rct;bin;rgs;gif;jpg;jpeg;jpe;resx;tiff;tif;png;wav;mfcribbon-ms</Extensions>
    </Filter>
    <Filter Include="src">
      <UniqueIdentifier>{4FC737F1-C7A5-4376-A066-2A32D752A2FF}</UniqueIdentifier>
      <Extensions>cpp;c;cc;cxx;def;odl;idl;hpj;bat;asm;asmx</Extensions>
    </Filter>
    <Filter Include="src\game">
      <UniqueIdentifier>{60aea1f7-3722-42c0-ba59-baa722102349}</UniqueIdentifier>
    </Filter>
    <Filter Include="src\lib">
      <UniqueIdentifier>{53f91441-df2a-4163-9d59-73a1cb4e0793}</UniqueIdentifier>
    </Filter>
    <Filter Include="src\game\Player">
      <UniqueIdentifier>{4f988ba6-bdbb-4df7-9e30-e396e6586155}</UniqueIdentifier>
    </Filter>
    <Filter Include="src\game\Goal">
      <UniqueIdentifier>{f858903b-974e-4645-bfee-7e0c6a6d637e}</UniqueIdentifier>
    </Filter>
    <Filter Include="src\game\Scene">
      <UniqueIdentifier>{4b851847-0b51-43d5-8432-9ea0fed45c51}</UniqueIdentifier>
    </Filter>
    <Filter Include="src\game\Hitcheck">
      <UniqueIdentifier>{3313e3ee-2b29-48bc-932f-19e74ae92291}</UniqueIdentifier>
    </Filter>
    <Filter Include="src\game\Trap">
      <UniqueIdentifier>{190ae2a2-f981-4a5c-b754-72285a1fbad3}</UniqueIdentifier>
    </Filter>
    <Filter Include="src\game\Sound">
      <UniqueIdentifier>{28cba8e2-c425-4544-bcdc-6602893e9106}</UniqueIdentifier>
    </Filter>
    <Filter Include="src\game\Stage">
      <UniqueIdentifier>{ff0568f2-5352-42de-9b4d-581d72f6221f}</UniqueIdentifier>
    </Filter>
    <Filter Include="src\game\Score">
      <UniqueIdentifier>{6aebc799-cf96-4ac1-8834-1012a479f655}</UniqueIdentifier>
    </Filter>
  </ItemGroup>
  <ItemGroup>
    <ClCompile Include="src\lib\input.cpp">
      <Filter>src\lib</Filter>
    </ClCompile>
    <ClCompile Include="src\lib\collision.cpp">
      <Filter>src\lib</Filter>
    </ClCompile>
    <ClCompile Include="src\lib\debug.cpp">
      <Filter>src\lib</Filter>
    </ClCompile>
    <ClCompile Include="src\lib\fade.cpp">
      <Filter>src\lib</Filter>
    </ClCompile>
    <ClCompile Include="src\main.cpp">
      <Filter>src</Filter>
    </ClCompile>
    <ClCompile Include="src\game\Goal\Goal.cpp">
      <Filter>src\game\Goal</Filter>
    </ClCompile>
    <ClCompile Include="src\game\Hitcheck\hitcheck.cpp">
      <Filter>src\game\Hitcheck</Filter>
    </ClCompile>
    <ClCompile Include="src\game\Player\player.cpp">
      <Filter>src\game\Player</Filter>
    </ClCompile>
    <ClCompile Include="src\game\Scene\scene.cpp">
      <Filter>src\game\Scene</Filter>
    </ClCompile>
    <ClCompile Include="src\game\Scene\scenegame.cpp">
      <Filter>src\game\Scene</Filter>
    </ClCompile>
    <ClCompile Include="src\game\Scene\sceneresult.cpp">
      <Filter>src\game\Scene</Filter>
    </ClCompile>
    <ClCompile Include="src\game\Scene\scenetitle.cpp">
      <Filter>src\game\Scene</Filter>
    </ClCompile>
    <ClCompile Include="src\game\Sound\Sound.cpp">
      <Filter>src\game\Sound</Filter>
    </ClCompile>
    <ClCompile Include="src\game\Stage\stage.cpp">
      <Filter>src\game\Stage</Filter>
    </ClCompile>
    <ClCompile Include="src\game\Trap\Trap.cpp">
      <Filter>src\game\Trap</Filter>
    </ClCompile>
    <ClCompile Include="src\game\Trap\TrapManager.cpp">
      <Filter>src\game\Trap</Filter>
    </ClCompile>
  </ItemGroup>
  <ItemGroup>
    <ClInclude Include="src\lib\input.h">
      <Filter>src\lib</Filter>
    </ClInclude>
    <ClInclude Include="src\lib\collision.h">
      <Filter>src\lib</Filter>
    </ClInclude>
    <ClInclude Include="src\lib\debug.h">
      <Filter>src\lib</Filter>
    </ClInclude>
    <ClInclude Include="src\lib\fade.h">
      <Filter>src\lib</Filter>
    </ClInclude>
    <ClInclude Include="src\common.h">
      <Filter>src</Filter>
    </ClInclude>
    <ClInclude Include="src\game\Goal\Goal.h">
      <Filter>src\game\Goal</Filter>
    </ClInclude>
    <ClInclude Include="src\game\Hitcheck\hitcheck.h">
      <Filter>src\game\Hitcheck</Filter>
    </ClInclude>
    <ClInclude Include="src\game\Player\player.h">
      <Filter>src\game\Player</Filter>
    </ClInclude>
    <ClInclude Include="src\game\Scene\scene.h">
      <Filter>src\game\Scene</Filter>
    </ClInclude>
    <ClInclude Include="src\game\Scene\scenegame.h">
      <Filter>src\game\Scene</Filter>
    </ClInclude>
    <ClInclude Include="src\game\Scene\sceneresult.h">
      <Filter>src\game\Scene</Filter>
    </ClInclude>
    <ClInclude Include="src\game\Scene\scenetitle.h">
      <Filter>src\game\Scene</Filter>
    </ClInclude>
    <ClInclude Include="src\game\Sound\Sound.h">
      <Filter>src\game\Sound</Filter>
    </ClInclude>
    <ClInclude Include="src\game\Stage\stage.h">
      <Filter>src\game\Stage</Filter>
    </ClInclude>
    <ClInclude Include="src\game\Trap\Trap.h">
      <Filter>src\game\Trap</Filter>
    </ClInclude>
    <ClInclude Include="src\game\Trap\TrapManager.h">
      <Filter>src\game\Trap</Filter>
    </ClInclude>
  </ItemGroup>
</Project>